
Microsoft Visual Studio Solution File, Format Version 12.00
# Visual Studio Version 16
VisualStudioVersion = 16.0.29418.71
MinimumVisualStudioVersion = 10.0.40219.1
Project("{FAE04EC0-301F-11D3-BF4B-00C04F79EFBC}") = "WompattiApi", "WompattiApi\WompattiApi.csproj", "{78009AC3-5958-4C3D-AC39-317533ED683D}"
EndProject
Global
	GlobalSection(SolutionConfigurationPlatforms) = preSolution
		Debug|Any CPU = Debug|Any CPU
		Release|Any CPU = Release|Any CPU
	EndGlobalSection
	GlobalSection(ProjectConfigurationPlatforms) = postSolution
		{78009AC3-5958-4C3D-AC39-317533ED683D}.Debug|Any CPU.ActiveCfg = Debug|Any CPU
		{78009AC3-5958-4C3D-AC39-317533ED683D}.Debug|Any CPU.Build.0 = Debug|Any CPU
		{78009AC3-5958-4C3D-AC39-317533ED683D}.Release|Any CPU.ActiveCfg = Release|Any CPU
		{78009AC3-5958-4C3D-AC39-317533ED683D}.Release|Any CPU.Build.0 = Release|Any CPU
	EndGlobalSection
	GlobalSection(SolutionProperties) = preSolution
		HideSolutionNode = FALSE
	EndGlobalSection
	GlobalSection(ExtensibilityGlobals) = postSolution
		SolutionGuid = {E8477734-87F9-4C3B-9ACF-30AF3A477AD7}
	EndGlobalSection
EndGlobal
